
Microsoft Visual Studio Solution File, Format Version 12.00
# Visual Studio Version 17
VisualStudioVersion = 17.7.34024.191
MinimumVisualStudioVersion = 10.0.40219.1
Project("{FAE04EC0-301F-11D3-BF4B-00C04F79EFBC}") = "AdminLibrary", "AdminLibrary.csproj", "{00CD77F2-BA14-4A4A-BED0-E2AD2DFB0A32}"
EndProject
Global
	GlobalSection(SolutionConfigurationPlatforms) = preSolution
		Debug|Any CPU = Debug|Any CPU
		Release|Any CPU = Release|Any CPU
	EndGlobalSection
	GlobalSection(ProjectConfigurationPlatforms) = postSolution
		{00CD77F2-BA14-4A4A-BED0-E2AD2DFB0A32}.Debug|Any CPU.ActiveCfg = Debug|Any CPU
		{00CD77F2-BA14-4A4A-BED0-E2AD2DFB0A32}.Debug|Any CPU.Build.0 = Debug|Any CPU
		{00CD77F2-BA14-4A4A-BED0-E2AD2DFB0A32}.Release|Any CPU.ActiveCfg = Release|Any CPU
		{00CD77F2-BA14-4A4A-BED0-E2AD2DFB0A32}.Release|Any CPU.Build.0 = Release|Any CPU
	EndGlobalSection
	GlobalSection(SolutionProperties) = preSolution
		HideSolutionNode = FALSE
	EndGlobalSection
	GlobalSection(ExtensibilityGlobals) = postSolution
		SolutionGuid = {841F25E3-378A-4F01-8A5D-3FA08E1A0FE7}
	EndGlobalSection
EndGlobal
